
Microsoft Visual Studio Solution File, Format Version 12.00
# Visual Studio Version 17
VisualStudioVersion = 17.5.33502.453
MinimumVisualStudioVersion = 10.0.40219.1
Project("{FAE04EC0-301F-11D3-BF4B-00C04F79EFBC}") = "One_Piece", "One_Piece\One_Piece.csproj", "{454560D6-9159-400C-A6CA-35E2E301A88A}"
EndProject
Global
	GlobalSection(SolutionConfigurationPlatforms) = preSolution
		Debug|Any CPU = Debug|Any CPU
		Release|Any CPU = Release|Any CPU
	EndGlobalSection
	GlobalSection(ProjectConfigurationPlatforms) = postSolution
		{454560D6-9159-400C-A6CA-35E2E301A88A}.Debug|Any CPU.ActiveCfg = Debug|Any CPU
		{454560D6-9159-400C-A6CA-35E2E301A88A}.Debug|Any CPU.Build.0 = Debug|Any CPU
		{454560D6-9159-400C-A6CA-35E2E301A88A}.Release|Any CPU.ActiveCfg = Release|Any CPU
		{454560D6-9159-400C-A6CA-35E2E301A88A}.Release|Any CPU.Build.0 = Release|Any CPU
	EndGlobalSection
	GlobalSection(SolutionProperties) = preSolution
		HideSolutionNode = FALSE
	EndGlobalSection
	GlobalSection(ExtensibilityGlobals) = postSolution
		SolutionGuid = {81B7F31E-D162-4D84-89D2-78DC0D6E833C}
	EndGlobalSection
EndGlobal
